
Microsoft Visual Studio Solution File, Format Version 12.00
# Visual Studio Version 17
VisualStudioVersion = 17.14.36310.24
MinimumVisualStudioVersion = 10.0.40219.1
Project("{FAE04EC0-301F-11D3-BF4B-00C04F79EFBC}") = "SEMANA_3_C#", "SEMANA1\SEMANA_3_C#.csproj", "{04AD98B8-01B4-4521-B95E-8D070BC1F594}"
EndProject
Project("{888888A0-9F3D-457C-B088-3A5042F75D52}") = "SEMANA_3_PYTHON", "SEMANA1_PYTHON\SEMANA_3_PYTHON.pyproj", "{0FA98EBA-0A3D-4112-A880-65FB0C5D2F98}"
EndProject
Project("{FAE04EC0-301F-11D3-BF4B-00C04F79EFBC}") = "SEMANA_4_C#", "SEMANA4_C#\SEMANA_4_C#.csproj", "{9391ED6F-97C0-4F25-B920-10A3C37B98DC}"
EndProject
Project("{FAE04EC0-301F-11D3-BF4B-00C04F79EFBC}") = "SEMANA5_C#", "SEMANA5C#\SEMANA5_C#.csproj", "{133466E3-91A8-4710-8B98-BE34BF9540F6}"
EndProject
Project("{888888A0-9F3D-457C-B088-3A5042F75D52}") = "SEMANA6PY", "SEMANA6PY\SEMANA6PY.pyproj", "{D2D4D1A2-E539-409F-ADDD-068B67F525EC}"
EndProject
Project("{888888A0-9F3D-457C-B088-3A5042F75D52}") = "SEMANA_5_PYTHON", "PythonApplication1\SEMANA_5_PYTHON.pyproj", "{E96943DF-5463-4A8F-94FE-7CFE02DAAAC9}"
EndProject
Project("{FAE04EC0-301F-11D3-BF4B-00C04F79EFBC}") = "SEMANA6_C#", "SEMANA6_C#\SEMANA6_C#.csproj", "{71E4FF20-5F8B-4866-8F84-25901585FF79}"
EndProject
Project("{FAE04EC0-301F-11D3-BF4B-00C04F79EFBC}") = "SEMANA7_C#", "SEMANA7_C#\SEMANA7_C#.csproj", "{B6A71460-65EC-47F0-8E0C-3FA54DD0FBDB}"
EndProject
Project("{888888A0-9F3D-457C-B088-3A5042F75D52}") = "SEMANA9_PYTHON", "SEMANA9_PYTHON\SEMANA9_PYTHON.pyproj", "{39CEFFB0-D4AD-4679-94D2-97B276450059}"
EndProject
Project("{888888A0-9F3D-457C-B088-3A5042F75D52}") = "SEMANA10_PYTHON", "SEMANA10_PYTHON\SEMANA10_PYTHON.pyproj", "{5880F20D-74D3-425B-AB1E-0E9997D1E8F9}"
EndProject
Global
	GlobalSection(SolutionConfigurationPlatforms) = preSolution
		Debug|Any CPU = Debug|Any CPU
		Release|Any CPU = Release|Any CPU
	EndGlobalSection
	GlobalSection(ProjectConfigurationPlatforms) = postSolution
		{04AD98B8-01B4-4521-B95E-8D070BC1F594}.Debug|Any CPU.ActiveCfg = Debug|Any CPU
		{04AD98B8-01B4-4521-B95E-8D070BC1F594}.Debug|Any CPU.Build.0 = Debug|Any CPU
		{04AD98B8-01B4-4521-B95E-8D070BC1F594}.Release|Any CPU.ActiveCfg = Release|Any CPU
		{04AD98B8-01B4-4521-B95E-8D070BC1F594}.Release|Any CPU.Build.0 = Release|Any CPU
		{0FA98EBA-0A3D-4112-A880-65FB0C5D2F98}.Debug|Any CPU.ActiveCfg = Debug|Any CPU
		{0FA98EBA-0A3D-4112-A880-65FB0C5D2F98}.Release|Any CPU.ActiveCfg = Release|Any CPU
		{9391ED6F-97C0-4F25-B920-10A3C37B98DC}.Debug|Any CPU.ActiveCfg = Debug|Any CPU
		{9391ED6F-97C0-4F25-B920-10A3C37B98DC}.Debug|Any CPU.Build.0 = Debug|Any CPU
		{9391ED6F-97C0-4F25-B920-10A3C37B98DC}.Release|Any CPU.ActiveCfg = Release|Any CPU
		{9391ED6F-97C0-4F25-B920-10A3C37B98DC}.Release|Any CPU.Build.0 = Release|Any CPU
		{133466E3-91A8-4710-8B98-BE34BF9540F6}.Debug|Any CPU.ActiveCfg = Debug|Any CPU
		{133466E3-91A8-4710-8B98-BE34BF9540F6}.Debug|Any CPU.Build.0 = Debug|Any CPU
		{133466E3-91A8-4710-8B98-BE34BF9540F6}.Release|Any CPU.ActiveCfg = Release|Any CPU
		{133466E3-91A8-4710-8B98-BE34BF9540F6}.Release|Any CPU.Build.0 = Release|Any CPU
		{D2D4D1A2-E539-409F-ADDD-068B67F525EC}.Debug|Any CPU.ActiveCfg = Debug|Any CPU
		{D2D4D1A2-E539-409F-ADDD-068B67F525EC}.Release|Any CPU.ActiveCfg = Release|Any CPU
		{E96943DF-5463-4A8F-94FE-7CFE02DAAAC9}.Debug|Any CPU.ActiveCfg = Debug|Any CPU
		{E96943DF-5463-4A8F-94FE-7CFE02DAAAC9}.Release|Any CPU.ActiveCfg = Release|Any CPU
		{71E4FF20-5F8B-4866-8F84-25901585FF79}.Debug|Any CPU.ActiveCfg = Debug|Any CPU
		{71E4FF20-5F8B-4866-8F84-25901585FF79}.Debug|Any CPU.Build.0 = Debug|Any CPU
		{71E4FF20-5F8B-4866-8F84-25901585FF79}.Release|Any CPU.ActiveCfg = Release|Any CPU
		{71E4FF20-5F8B-4866-8F84-25901585FF79}.Release|Any CPU.Build.0 = Release|Any CPU
		{B6A71460-65EC-47F0-8E0C-3FA54DD0FBDB}.Debug|Any CPU.ActiveCfg = Debug|Any CPU
		{B6A71460-65EC-47F0-8E0C-3FA54DD0FBDB}.Debug|Any CPU.Build.0 = Debug|Any CPU
		{B6A71460-65EC-47F0-8E0C-3FA54DD0FBDB}.Release|Any CPU.ActiveCfg = Release|Any CPU
		{B6A71460-65EC-47F0-8E0C-3FA54DD0FBDB}.Release|Any CPU.Build.0 = Release|Any CPU
		{39CEFFB0-D4AD-4679-94D2-97B276450059}.Debug|Any CPU.ActiveCfg = Debug|Any CPU
		{39CEFFB0-D4AD-4679-94D2-97B276450059}.Release|Any CPU.ActiveCfg = Release|Any CPU
		{5880F20D-74D3-425B-AB1E-0E9997D1E8F9}.Debug|Any CPU.ActiveCfg = Debug|Any CPU
		{5880F20D-74D3-425B-AB1E-0E9997D1E8F9}.Release|Any CPU.ActiveCfg = Release|Any CPU
	EndGlobalSection
	GlobalSection(SolutionProperties) = preSolution
		HideSolutionNode = FALSE
	EndGlobalSection
	GlobalSection(ExtensibilityGlobals) = postSolution
		SolutionGuid = {5E1C2AE2-1860-44D6-AFC4-B5CEBB8D392F}
	EndGlobalSection
EndGlobal
